{
    "hash": "cf94d8115af846f0471d8bb7cd4d10ab",
    "packages": [
        {
            "name": "twig/twig",
            "version": "1.6.5",
            "source": {
                "type": "git",
                "url": "git://github.com/fabpot/Twig.git",
                "reference": "v1.6.5"
            },
            "dist": {
                "type": "zip",
                "url": "https://github.com/fabpot/Twig/zipball/v1.6.5",
                "reference": "v1.6.5",
                "shasum": ""
            },
            "require": {
                "php": ">=5.2.4"
            },
            "time": "2012-04-11 02:00:38",
            "type": "library",
            "autoload": {
                "psr-0": {
                    "Twig_": "lib/"
                }
            },
            "notification-url": "https://packagist.org/downloads/",
            "license": [
                "BSD"
            ],
            "authors": [
                {
                    "name": "Fabien Potencier",
                    "email": "fabien@symfony.com"
                },
                {
                    "name": "Armin Ronacher",
                    "email": "armin.ronacher@active-4.com"
                }
            ],
            "description": "Twig, the flexible, fast, and secure template language for PHP",
            "homepage": "http://twig.sensiolabs.org",
            "keywords": [
                "templating"
            ]
        }
    ],
    "packages-dev": null,
    "aliases": [

    ],
    "minimum-stability": "stable",
    "stability-flags": [

    ]
}
